
Microsoft Visual Studio Solution File, Format Version 12.00
# Visual Studio Version 17
VisualStudioVersion = 17.10.34902.84
MinimumVisualStudioVersion = 10.0.40219.1
Project("{FAE04EC0-301F-11D3-BF4B-00C04F79EFBC}") = "CustomMediatR.Api", "CustomMediatR.Api\CustomMediatR.Api.csproj", "{78A0BCF1-6DDC-4331-880F-270091069F5F}"
EndProject
Project("{FAE04EC0-301F-11D3-BF4B-00C04F79EFBC}") = "CustomMediatR.Library", "CustomMediatR.Library\CustomMediatR.Library.csproj", "{29C5FCFA-60F8-4A9F-A666-E4329A5700FC}"
EndProject
Global
	GlobalSection(SolutionConfigurationPlatforms) = preSolution
		Debug|Any CPU = Debug|Any CPU
		Release|Any CPU = Release|Any CPU
	EndGlobalSection
	GlobalSection(ProjectConfigurationPlatforms) = postSolution
		{78A0BCF1-6DDC-4331-880F-270091069F5F}.Debug|Any CPU.ActiveCfg = Debug|Any CPU
		{78A0BCF1-6DDC-4331-880F-270091069F5F}.Debug|Any CPU.Build.0 = Debug|Any CPU
		{78A0BCF1-6DDC-4331-880F-270091069F5F}.Release|Any CPU.ActiveCfg = Release|Any CPU
		{78A0BCF1-6DDC-4331-880F-270091069F5F}.Release|Any CPU.Build.0 = Release|Any CPU
		{29C5FCFA-60F8-4A9F-A666-E4329A5700FC}.Debug|Any CPU.ActiveCfg = Debug|Any CPU
		{29C5FCFA-60F8-4A9F-A666-E4329A5700FC}.Debug|Any CPU.Build.0 = Debug|Any CPU
		{29C5FCFA-60F8-4A9F-A666-E4329A5700FC}.Release|Any CPU.ActiveCfg = Release|Any CPU
		{29C5FCFA-60F8-4A9F-A666-E4329A5700FC}.Release|Any CPU.Build.0 = Release|Any CPU
	EndGlobalSection
	GlobalSection(SolutionProperties) = preSolution
		HideSolutionNode = FALSE
	EndGlobalSection
	GlobalSection(ExtensibilityGlobals) = postSolution
		SolutionGuid = {C5E517A6-705C-48F2-911B-FA854B85976B}
	EndGlobalSection
EndGlobal
